
Microsoft Visual Studio Solution File, Format Version 12.00
# Visual Studio 15
VisualStudioVersion = 15.0.27703.2042
MinimumVisualStudioVersion = 10.0.40219.1
Project("{FAE04EC0-301F-11D3-BF4B-00C04F79EFBC}") = "ECG", "ECG\ECG.csproj", "{C6C9CBA9-9E07-4E0B-A933-D8A4A06B3A11}"
EndProject
Project("{FAE04EC0-301F-11D3-BF4B-00C04F79EFBC}") = "ECG-DB", "ECG-DB\ECG-DB.csproj", "{6F8CFE6D-8B9F-4A41-8802-D673FB0254BA}"
EndProject
Global
	GlobalSection(SolutionConfigurationPlatforms) = preSolution
		Debug|Any CPU = Debug|Any CPU
		Release|Any CPU = Release|Any CPU
	EndGlobalSection
	GlobalSection(ProjectConfigurationPlatforms) = postSolution
		{C6C9CBA9-9E07-4E0B-A933-D8A4A06B3A11}.Debug|Any CPU.ActiveCfg = Debug|Any CPU
		{C6C9CBA9-9E07-4E0B-A933-D8A4A06B3A11}.Debug|Any CPU.Build.0 = Debug|Any CPU
		{C6C9CBA9-9E07-4E0B-A933-D8A4A06B3A11}.Release|Any CPU.ActiveCfg = Release|Any CPU
		{C6C9CBA9-9E07-4E0B-A933-D8A4A06B3A11}.Release|Any CPU.Build.0 = Release|Any CPU
		{6F8CFE6D-8B9F-4A41-8802-D673FB0254BA}.Debug|Any CPU.ActiveCfg = Debug|Any CPU
		{6F8CFE6D-8B9F-4A41-8802-D673FB0254BA}.Debug|Any CPU.Build.0 = Debug|Any CPU
		{6F8CFE6D-8B9F-4A41-8802-D673FB0254BA}.Release|Any CPU.ActiveCfg = Release|Any CPU
		{6F8CFE6D-8B9F-4A41-8802-D673FB0254BA}.Release|Any CPU.Build.0 = Release|Any CPU
	EndGlobalSection
	GlobalSection(SolutionProperties) = preSolution
		HideSolutionNode = FALSE
	EndGlobalSection
	GlobalSection(ExtensibilityGlobals) = postSolution
		SolutionGuid = {FB3B24F2-27B3-4FFA-AE14-94F8F520A1B6}
	EndGlobalSection
EndGlobal
